
Microsoft Visual Studio Solution File, Format Version 12.00
# Visual Studio Version 16
VisualStudioVersion = 16.0.31911.196
MinimumVisualStudioVersion = 10.0.40219.1
Project("{FAE04EC0-301F-11D3-BF4B-00C04F79EFBC}") = "SimpleAzureApp123", "SimpleAzureApp123.csproj", "{142A408E-F281-4FA2-922D-EF71B695B25D}"
EndProject
Global
	GlobalSection(SolutionConfigurationPlatforms) = preSolution
		Debug|Any CPU = Debug|Any CPU
		Release|Any CPU = Release|Any CPU
	EndGlobalSection
	GlobalSection(ProjectConfigurationPlatforms) = postSolution
		{142A408E-F281-4FA2-922D-EF71B695B25D}.Debug|Any CPU.ActiveCfg = Debug|Any CPU
		{142A408E-F281-4FA2-922D-EF71B695B25D}.Debug|Any CPU.Build.0 = Debug|Any CPU
		{142A408E-F281-4FA2-922D-EF71B695B25D}.Release|Any CPU.ActiveCfg = Release|Any CPU
		{142A408E-F281-4FA2-922D-EF71B695B25D}.Release|Any CPU.Build.0 = Release|Any CPU
	EndGlobalSection
	GlobalSection(SolutionProperties) = preSolution
		HideSolutionNode = FALSE
	EndGlobalSection
	GlobalSection(ExtensibilityGlobals) = postSolution
		SolutionGuid = {C3917E6C-C363-41BD-850F-A967A4486F18}
	EndGlobalSection
EndGlobal
